
Microsoft Visual Studio Solution File, Format Version 12.00
# Visual Studio Version 17
VisualStudioVersion = 17.14.36414.22 d17.14
MinimumVisualStudioVersion = 10.0.40219.1
Project("{FAE04EC0-301F-11D3-BF4B-00C04F79EFBC}") = "Proyecto_Cartas.Server", "Proyecto_Cartas.Server\Proyecto_Cartas.Server\Proyecto_Cartas.Server.csproj", "{AF3A6DBD-FD20-4383-8719-EAB8B9EA8234}"
EndProject
Project("{FAE04EC0-301F-11D3-BF4B-00C04F79EFBC}") = "Proyecto_Cartas.Server.Client", "Proyecto_Cartas.Server\Proyecto_Cartas.Server.Client\Proyecto_Cartas.Server.Client.csproj", "{E9DD4763-EFF1-4346-B897-8521748271F2}"
EndProject
Project("{FAE04EC0-301F-11D3-BF4B-00C04F79EFBC}") = "Proyecto_Cartas.BD", "Proyecto_Cartas.BD\Proyecto_Cartas.BD.csproj", "{D7887E8C-61E4-4104-85D3-4FBDDFA10EA8}"
EndProject
Project("{FAE04EC0-301F-11D3-BF4B-00C04F79EFBC}") = "Proyecto_Cartas.Repositorio", "Proyecto_Cartas.Repositorio\Proyecto_Cartas.Repositorio.csproj", "{393C8F1E-D1AD-47C6-9CD1-02591B0309C0}"
EndProject
Project("{FAE04EC0-301F-11D3-BF4B-00C04F79EFBC}") = "Proyecto_Cartas.Servicio", "Proyecto_Cartas.Servicio\Proyecto_Cartas.Servicio.csproj", "{4A76664A-32FD-4C43-AEDB-7C1429871AE7}"
EndProject
Project("{FAE04EC0-301F-11D3-BF4B-00C04F79EFBC}") = "Proyecto_Cartas.Shared", "Proyecto_Cartas.Shared\Proyecto_Cartas.Shared.csproj", "{98450E1A-446D-4571-84A7-33C135F356E8}"
EndProject
Global
	GlobalSection(SolutionConfigurationPlatforms) = preSolution
		Debug|Any CPU = Debug|Any CPU
		Release|Any CPU = Release|Any CPU
	EndGlobalSection
	GlobalSection(ProjectConfigurationPlatforms) = postSolution
		{AF3A6DBD-FD20-4383-8719-EAB8B9EA8234}.Debug|Any CPU.ActiveCfg = Debug|Any CPU
		{AF3A6DBD-FD20-4383-8719-EAB8B9EA8234}.Debug|Any CPU.Build.0 = Debug|Any CPU
		{AF3A6DBD-FD20-4383-8719-EAB8B9EA8234}.Release|Any CPU.ActiveCfg = Release|Any CPU
		{AF3A6DBD-FD20-4383-8719-EAB8B9EA8234}.Release|Any CPU.Build.0 = Release|Any CPU
		{E9DD4763-EFF1-4346-B897-8521748271F2}.Debug|Any CPU.ActiveCfg = Debug|Any CPU
		{E9DD4763-EFF1-4346-B897-8521748271F2}.Debug|Any CPU.Build.0 = Debug|Any CPU
		{E9DD4763-EFF1-4346-B897-8521748271F2}.Release|Any CPU.ActiveCfg = Release|Any CPU
		{E9DD4763-EFF1-4346-B897-8521748271F2}.Release|Any CPU.Build.0 = Release|Any CPU
		{D7887E8C-61E4-4104-85D3-4FBDDFA10EA8}.Debug|Any CPU.ActiveCfg = Debug|Any CPU
		{D7887E8C-61E4-4104-85D3-4FBDDFA10EA8}.Debug|Any CPU.Build.0 = Debug|Any CPU
		{D7887E8C-61E4-4104-85D3-4FBDDFA10EA8}.Release|Any CPU.ActiveCfg = Release|Any CPU
		{D7887E8C-61E4-4104-85D3-4FBDDFA10EA8}.Release|Any CPU.Build.0 = Release|Any CPU
		{393C8F1E-D1AD-47C6-9CD1-02591B0309C0}.Debug|Any CPU.ActiveCfg = Debug|Any CPU
		{393C8F1E-D1AD-47C6-9CD1-02591B0309C0}.Debug|Any CPU.Build.0 = Debug|Any CPU
		{393C8F1E-D1AD-47C6-9CD1-02591B0309C0}.Release|Any CPU.ActiveCfg = Release|Any CPU
		{393C8F1E-D1AD-47C6-9CD1-02591B0309C0}.Release|Any CPU.Build.0 = Release|Any CPU
		{4A76664A-32FD-4C43-AEDB-7C1429871AE7}.Debug|Any CPU.ActiveCfg = Debug|Any CPU
		{4A76664A-32FD-4C43-AEDB-7C1429871AE7}.Debug|Any CPU.Build.0 = Debug|Any CPU
		{4A76664A-32FD-4C43-AEDB-7C1429871AE7}.Release|Any CPU.ActiveCfg = Release|Any CPU
		{4A76664A-32FD-4C43-AEDB-7C1429871AE7}.Release|Any CPU.Build.0 = Release|Any CPU
		{98450E1A-446D-4571-84A7-33C135F356E8}.Debug|Any CPU.ActiveCfg = Debug|Any CPU
		{98450E1A-446D-4571-84A7-33C135F356E8}.Debug|Any CPU.Build.0 = Debug|Any CPU
		{98450E1A-446D-4571-84A7-33C135F356E8}.Release|Any CPU.ActiveCfg = Release|Any CPU
		{98450E1A-446D-4571-84A7-33C135F356E8}.Release|Any CPU.Build.0 = Release|Any CPU
	EndGlobalSection
	GlobalSection(SolutionProperties) = preSolution
		HideSolutionNode = FALSE
	EndGlobalSection
	GlobalSection(ExtensibilityGlobals) = postSolution
		SolutionGuid = {3890883E-24D9-4BA9-A8EF-49FF7A0902FB}
	EndGlobalSection
EndGlobal
